{
	"name": "flyhighlighter",
	"version": "0.0.1",
	"lockfileVersion": 1,
	"requires": true,
	"dependencies": {
		"coralian": {
			"version": "0.0.14",
			"resolved": "https://registry.npmjs.org/coralian/-/coralian-0.0.14.tgz",
			"integrity": "sha512-liAwBhyHm8SLgIr3/2+vJ/Bu/AYKojSsE0fMUIhI8yF+1Mzm/qbIys0w3TgiF7eOUs6W9Mz6z3+ZO4HqnLqKjg=="
		}
	}
}
