{
	"name": "flyhighlighter",
	"version": "0.0.4",
	"lockfileVersion": 1,
	"requires": true,
	"dependencies": {
		"coralian": {
			"version": "0.0.18",
			"resolved": "https://registry.npmjs.org/coralian/-/coralian-0.0.18.tgz",
			"integrity": "sha512-d4Gg7YT9VeHoDL9YpqF0yhVT5eXjlAs24yLbyFYziKNs4zS3jNSga++43gc/159g5Pd48+82IlCnp5VO5/jxAQ=="
		}
	}
}
